{
  "requires": true,
  "lockfileVersion": 1,
  "dependencies": {
    "require.js": {
      "version": "1.0.0",
      "resolved": "https://registry.npmmirror.com/require.js/-/require.js-1.0.0.tgz",
      "integrity": "sha512-+KwgNIkkrtblYf9Agaxy8p1eTnf7QkZQGk/gq+3rfZr4tROFpCMrz9/ImWfV6dQAO34MaR+VML3jKhen0Ea03A=="
    }
  }
}
